
Microsoft Visual Studio Solution File, Format Version 12.00
# Visual Studio Version 16
VisualStudioVersion = 16.0.30413.136
MinimumVisualStudioVersion = 10.0.40219.1
Project("{FAE04EC0-301F-11D3-BF4B-00C04F79EFBC}") = "firstAPP.Android", "firstAPP\firstAPP.Android\firstAPP.Android.csproj", "{69D5BDC1-ADCA-4CE5-A5C2-833EB31577BF}"
EndProject
Project("{FAE04EC0-301F-11D3-BF4B-00C04F79EFBC}") = "firstAPP", "firstAPP\firstAPP\firstAPP.csproj", "{9F563EAB-E4BE-4677-9ADB-5F6120B7169F}"
EndProject
Global
	GlobalSection(SolutionConfigurationPlatforms) = preSolution
		Debug|Any CPU = Debug|Any CPU
		Debug|iPhone = Debug|iPhone
		Debug|iPhoneSimulator = Debug|iPhoneSimulator
		Release|Any CPU = Release|Any CPU
		Release|iPhone = Release|iPhone
		Release|iPhoneSimulator = Release|iPhoneSimulator
	EndGlobalSection
	GlobalSection(ProjectConfigurationPlatforms) = postSolution
		{69D5BDC1-ADCA-4CE5-A5C2-833EB31577BF}.Debug|Any CPU.ActiveCfg = Debug|Any CPU
		{69D5BDC1-ADCA-4CE5-A5C2-833EB31577BF}.Debug|Any CPU.Build.0 = Debug|Any CPU
		{69D5BDC1-ADCA-4CE5-A5C2-833EB31577BF}.Debug|Any CPU.Deploy.0 = Debug|Any CPU
		{69D5BDC1-ADCA-4CE5-A5C2-833EB31577BF}.Debug|iPhone.ActiveCfg = Debug|Any CPU
		{69D5BDC1-ADCA-4CE5-A5C2-833EB31577BF}.Debug|iPhone.Build.0 = Debug|Any CPU
		{69D5BDC1-ADCA-4CE5-A5C2-833EB31577BF}.Debug|iPhone.Deploy.0 = Debug|Any CPU
		{69D5BDC1-ADCA-4CE5-A5C2-833EB31577BF}.Debug|iPhoneSimulator.ActiveCfg = Debug|Any CPU
		{69D5BDC1-ADCA-4CE5-A5C2-833EB31577BF}.Debug|iPhoneSimulator.Build.0 = Debug|Any CPU
		{69D5BDC1-ADCA-4CE5-A5C2-833EB31577BF}.Debug|iPhoneSimulator.Deploy.0 = Debug|Any CPU
		{69D5BDC1-ADCA-4CE5-A5C2-833EB31577BF}.Release|Any CPU.ActiveCfg = Release|Any CPU
		{69D5BDC1-ADCA-4CE5-A5C2-833EB31577BF}.Release|Any CPU.Build.0 = Release|Any CPU
		{69D5BDC1-ADCA-4CE5-A5C2-833EB31577BF}.Release|Any CPU.Deploy.0 = Release|Any CPU
		{69D5BDC1-ADCA-4CE5-A5C2-833EB31577BF}.Release|iPhone.ActiveCfg = Release|Any CPU
		{69D5BDC1-ADCA-4CE5-A5C2-833EB31577BF}.Release|iPhone.Build.0 = Release|Any CPU
		{69D5BDC1-ADCA-4CE5-A5C2-833EB31577BF}.Release|iPhone.Deploy.0 = Release|Any CPU
		{69D5BDC1-ADCA-4CE5-A5C2-833EB31577BF}.Release|iPhoneSimulator.ActiveCfg = Release|Any CPU
		{69D5BDC1-ADCA-4CE5-A5C2-833EB31577BF}.Release|iPhoneSimulator.Build.0 = Release|Any CPU
		{69D5BDC1-ADCA-4CE5-A5C2-833EB31577BF}.Release|iPhoneSimulator.Deploy.0 = Release|Any CPU
		{9F563EAB-E4BE-4677-9ADB-5F6120B7169F}.Debug|Any CPU.ActiveCfg = Debug|Any CPU
		{9F563EAB-E4BE-4677-9ADB-5F6120B7169F}.Debug|Any CPU.Build.0 = Debug|Any CPU
		{9F563EAB-E4BE-4677-9ADB-5F6120B7169F}.Debug|Any CPU.Deploy.0 = Debug|Any CPU
		{9F563EAB-E4BE-4677-9ADB-5F6120B7169F}.Debug|iPhone.ActiveCfg = Debug|Any CPU
		{9F563EAB-E4BE-4677-9ADB-5F6120B7169F}.Debug|iPhone.Build.0 = Debug|Any CPU
		{9F563EAB-E4BE-4677-9ADB-5F6120B7169F}.Debug|iPhone.Deploy.0 = Debug|Any CPU
		{9F563EAB-E4BE-4677-9ADB-5F6120B7169F}.Debug|iPhoneSimulator.ActiveCfg = Debug|Any CPU
		{9F563EAB-E4BE-4677-9ADB-5F6120B7169F}.Debug|iPhoneSimulator.Build.0 = Debug|Any CPU
		{9F563EAB-E4BE-4677-9ADB-5F6120B7169F}.Debug|iPhoneSimulator.Deploy.0 = Debug|Any CPU
		{9F563EAB-E4BE-4677-9ADB-5F6120B7169F}.Release|Any CPU.ActiveCfg = Release|Any CPU
		{9F563EAB-E4BE-4677-9ADB-5F6120B7169F}.Release|Any CPU.Build.0 = Release|Any CPU
		{9F563EAB-E4BE-4677-9ADB-5F6120B7169F}.Release|Any CPU.Deploy.0 = Release|Any CPU
		{9F563EAB-E4BE-4677-9ADB-5F6120B7169F}.Release|iPhone.ActiveCfg = Release|Any CPU
		{9F563EAB-E4BE-4677-9ADB-5F6120B7169F}.Release|iPhone.Build.0 = Release|Any CPU
		{9F563EAB-E4BE-4677-9ADB-5F6120B7169F}.Release|iPhone.Deploy.0 = Release|Any CPU
		{9F563EAB-E4BE-4677-9ADB-5F6120B7169F}.Release|iPhoneSimulator.ActiveCfg = Release|Any CPU
		{9F563EAB-E4BE-4677-9ADB-5F6120B7169F}.Release|iPhoneSimulator.Build.0 = Release|Any CPU
		{9F563EAB-E4BE-4677-9ADB-5F6120B7169F}.Release|iPhoneSimulator.Deploy.0 = Release|Any CPU
	EndGlobalSection
	GlobalSection(SolutionProperties) = preSolution
		HideSolutionNode = FALSE
	EndGlobalSection
	GlobalSection(ExtensibilityGlobals) = postSolution
		SolutionGuid = {31D79BD8-9C94-469D-AECA-ACFC7ED7A75B}
	EndGlobalSection
EndGlobal
